{
  "name": "encore",
  "version": "1.0.0",
  "lockfileVersion": 3,
  "requires": true,
  "packages": {
    "": {
      "name": "encore",
      "version": "1.0.0",
      "license": "ISC",
      "dependencies": {
        "encore.dev": "^1.46.4"
      },
      "devDependencies": {
        "encore.dev": "~1.46.4"
      }
    },
    "node_modules/encore.dev": {
      "version": "1.46.4",
      "resolved": "https://registry.npmjs.org/encore.dev/-/encore.dev-1.46.4.tgz",
      "integrity": "sha512-kw4HA5UjAs/GUby1VzXPi5HOXIK/dqZCMifeanTJgBQPXToT/WzdZOlUh4UQRlU6sqG7AVs7hmDzgXst83lmPw==",
      "dev": true,
      "license": "MPL-2.0",
      "engines": {
        "node": ">=18.0.0"
      }
    }
  }
}
